
Microsoft Visual Studio Solution File, Format Version 12.00
# Visual Studio Version 17
VisualStudioVersion = 17.7.34018.315
MinimumVisualStudioVersion = 10.0.40219.1
Project("{8BC9CEB8-8B4A-11D0-8D11-00A0C91BC942}") = "p7-part2-ver2", "p7-part2-ver2\p7-part2-ver2.vcxproj", "{AEB8E858-7B14-4F4A-AF67-29C65CEE719C}"
EndProject
Global
	GlobalSection(SolutionConfigurationPlatforms) = preSolution
		Debug|x64 = Debug|x64
		Debug|x86 = Debug|x86
		Release|x64 = Release|x64
		Release|x86 = Release|x86
	EndGlobalSection
	GlobalSection(ProjectConfigurationPlatforms) = postSolution
		{AEB8E858-7B14-4F4A-AF67-29C65CEE719C}.Debug|x64.ActiveCfg = Debug|x64
		{AEB8E858-7B14-4F4A-AF67-29C65CEE719C}.Debug|x64.Build.0 = Debug|x64
		{AEB8E858-7B14-4F4A-AF67-29C65CEE719C}.Debug|x86.ActiveCfg = Debug|Win32
		{AEB8E858-7B14-4F4A-AF67-29C65CEE719C}.Debug|x86.Build.0 = Debug|Win32
		{AEB8E858-7B14-4F4A-AF67-29C65CEE719C}.Release|x64.ActiveCfg = Release|x64
		{AEB8E858-7B14-4F4A-AF67-29C65CEE719C}.Release|x64.Build.0 = Release|x64
		{AEB8E858-7B14-4F4A-AF67-29C65CEE719C}.Release|x86.ActiveCfg = Release|Win32
		{AEB8E858-7B14-4F4A-AF67-29C65CEE719C}.Release|x86.Build.0 = Release|Win32
	EndGlobalSection
	GlobalSection(SolutionProperties) = preSolution
		HideSolutionNode = FALSE
	EndGlobalSection
	GlobalSection(ExtensibilityGlobals) = postSolution
		SolutionGuid = {457D6D71-F290-4958-AD32-B889591EFF60}
	EndGlobalSection
EndGlobal
